<?xml version="1.0" encoding="UTF-8" standalone="yes" ?>
<CodeBlocks_project_file>
	<FileVersion major="1" minor="6" />
	<Project>
		<Option title="one_dimensional_gsl" />
		<Option pch_mode="2" />
		<Option compiler="gcc" />
		<Build>
			<Target title="Debug">
				<Option output="bin/Debug/one_dimensional_gsl" prefix_auto="1" extension_auto="1" />
				<Option object_output="obj/Debug/" />
				<Option type="1" />
				<Option compiler="gcc" />
				<Compiler>
					<Add option="-ansi" />
					<Add option="-g" />
					<Add directory="C:/msys64/mingw64/include/gsl" />
				</Compiler>
				<Linker>
					<Add library="gsl" />
				</Linker>
			</Target>
			<Target title="Release">
				<Option output="bin/Release/one_dimensional_gsl" prefix_auto="1" extension_auto="1" />
				<Option object_output="obj/Release/" />
				<Option type="1" />
				<Option compiler="gcc" />
				<Compiler>
					<Add option="-O2" />
				</Compiler>
				<Linker>
					<Add option="-s" />
				</Linker>
			</Target>
		</Build>
		<Compiler>
			<Add option="-Wall" />
		</Compiler>
		<Unit filename="f.c">
			<Option compilerVar="CC" />
		</Unit>
		<Unit filename="headers/f.h" />
		<Unit filename="headers/globals.h" />
		<Unit filename="headers/solver.h" />
		<Unit filename="headers/ui_parameters.h" />
		<Unit filename="main.c">
			<Option compilerVar="CC" />
		</Unit>
		<Unit filename="solver.c">
			<Option compilerVar="CC" />
		</Unit>
		<Unit filename="ui_parameters.c">
			<Option compilerVar="CC" />
		</Unit>
		<Extensions>
			<lib_finder disable_auto="1" />
		</Extensions>
	</Project>
</CodeBlocks_project_file>
